// !$*UTF8*$!
{
	archiveVersion = 1;
	classes = {
	};
	objectVersion = 56;
	objects = {

/* Begin PBXBuildFile section */
		280F34F32943FF2D0013BD4C /* SocketClient.swift in Sources */ = {isa = PBXBuildFile; fileRef = 280F34F22943FF2D0013BD4C /* SocketClient.swift */; };
		280F34F62943FFAF0013BD4C /* Starscream in Frameworks */ = {isa = PBXBuildFile; productRef = 280F34F52943FFAF0013BD4C /* Starscream */; };
		2811F2BE2931871800C44E97 /* SongDetails.swift in Sources */ = {isa = PBXBuildFile; fileRef = 2811F2BD2931871800C44E97 /* SongDetails.swift */; };
		2811F2C2293195A700C44E97 /* Int+FormatFromSeconds.swift in Sources */ = {isa = PBXBuildFile; fileRef = 2811F2C1293195A700C44E97 /* Int+FormatFromSeconds.swift */; };
		2850313C2926EB73000B8331 /* NowPlayingView.swift in Sources */ = {isa = PBXBuildFile; fileRef = 2850313B2926EB73000B8331 /* NowPlayingView.swift */; };
		285031422926EEF0000B8331 /* Color+AppColors.swift in Sources */ = {isa = PBXBuildFile; fileRef = 285031412926EEF0000B8331 /* Color+AppColors.swift */; };
		285031442926F38F000B8331 /* Image+AverageColor.swift in Sources */ = {isa = PBXBuildFile; fileRef = 285031432926F38F000B8331 /* Image+AverageColor.swift */; };
		285031472926FB24000B8331 /* GradientBackground.swift in Sources */ = {isa = PBXBuildFile; fileRef = 285031462926FB24000B8331 /* GradientBackground.swift */; };
		286E78AE2925C98F00F206A9 /* AdioApp.swift in Sources */ = {isa = PBXBuildFile; fileRef = 286E78AD2925C98F00F206A9 /* AdioApp.swift */; };
		286E78B22925C99000F206A9 /* Assets.xcassets in Resources */ = {isa = PBXBuildFile; fileRef = 286E78B12925C99000F206A9 /* Assets.xcassets */; };
		286E78B62925C99000F206A9 /* Preview Assets.xcassets in Resources */ = {isa = PBXBuildFile; fileRef = 286E78B52925C99000F206A9 /* Preview Assets.xcassets */; };
		28C1F63A2929861C0077E907 /* RecentlyPlayedView.swift in Sources */ = {isa = PBXBuildFile; fileRef = 28C1F6392929861C0077E907 /* RecentlyPlayedView.swift */; };
		28C1F645292990D60077E907 /* AdioTests.swift in Sources */ = {isa = PBXBuildFile; fileRef = 28C1F644292990D60077E907 /* AdioTests.swift */; };
		28C1F64C292991050077E907 /* RecentlyPlayedViewModelTests.swift in Sources */ = {isa = PBXBuildFile; fileRef = 28C1F64B292991050077E907 /* RecentlyPlayedViewModelTests.swift */; };
		28C1F64E29299E020077E907 /* Radio.swift in Sources */ = {isa = PBXBuildFile; fileRef = 28C1F64D29299E020077E907 /* Radio.swift */; };
		28C1F6502929A0500077E907 /* Mount.swift in Sources */ = {isa = PBXBuildFile; fileRef = 28C1F64F2929A0500077E907 /* Mount.swift */; };
		28C1F6522929A0760077E907 /* Station.swift in Sources */ = {isa = PBXBuildFile; fileRef = 28C1F6512929A0760077E907 /* Station.swift */; };
		28C1F6542929A0900077E907 /* PlayingNext.swift in Sources */ = {isa = PBXBuildFile; fileRef = 28C1F6532929A0900077E907 /* PlayingNext.swift */; };
		28C1F6562929A0A50077E907 /* Song.swift in Sources */ = {isa = PBXBuildFile; fileRef = 28C1F6552929A0A50077E907 /* Song.swift */; };
		28C1F6582929A0BE0077E907 /* SongContainer.swift in Sources */ = {isa = PBXBuildFile; fileRef = 28C1F6572929A0BE0077E907 /* SongContainer.swift */; };
		28C1F65A2929A54B0077E907 /* Live.swift in Sources */ = {isa = PBXBuildFile; fileRef = 28C1F6592929A54B0077E907 /* Live.swift */; };
		28C1F65C2929A5590077E907 /* Listeners.swift in Sources */ = {isa = PBXBuildFile; fileRef = 28C1F65B2929A5590077E907 /* Listeners.swift */; };
/* End PBXBuildFile section */

/* Begin PBXContainerItemProxy section */
		28C1F646292990D60077E907 /* PBXContainerItemProxy */ = {
			isa = PBXContainerItemProxy;
			containerPortal = 286E78A22925C98F00F206A9 /* Project object */;
			proxyType = 1;
			remoteGlobalIDString = 286E78A92925C98F00F206A9;
			remoteInfo = Adio;
		};
/* End PBXContainerItemProxy section */

/* Begin PBXFileReference section */
		280F34F22943FF2D0013BD4C /* SocketClient.swift */ = {isa = PBXFileReference; lastKnownFileType = sourcecode.swift; path = SocketClient.swift; sourceTree = "<group>"; };
		2811F2BD2931871800C44E97 /* SongDetails.swift */ = {isa = PBXFileReference; lastKnownFileType = sourcecode.swift; path = SongDetails.swift; sourceTree = "<group>"; };
		2811F2C1293195A700C44E97 /* Int+FormatFromSeconds.swift */ = {isa = PBXFileReference; lastKnownFileType = sourcecode.swift; path = "Int+FormatFromSeconds.swift"; sourceTree = "<group>"; };
		2850313B2926EB73000B8331 /* NowPlayingView.swift */ = {isa = PBXFileReference; lastKnownFileType = sourcecode.swift; path = NowPlayingView.swift; sourceTree = "<group>"; };
		285031412926EEF0000B8331 /* Color+AppColors.swift */ = {isa = PBXFileReference; lastKnownFileType = sourcecode.swift; path = "Color+AppColors.swift"; sourceTree = "<group>"; };
		285031432926F38F000B8331 /* Image+AverageColor.swift */ = {isa = PBXFileReference; lastKnownFileType = sourcecode.swift; path = "Image+AverageColor.swift"; sourceTree = "<group>"; };
		285031462926FB24000B8331 /* GradientBackground.swift */ = {isa = PBXFileReference; lastKnownFileType = sourcecode.swift; path = GradientBackground.swift; sourceTree = "<group>"; };
		286E78AA2925C98F00F206A9 /* Adio.app */ = {isa = PBXFileReference; explicitFileType = wrapper.application; includeInIndex = 0; path = Adio.app; sourceTree = BUILT_PRODUCTS_DIR; };
		286E78AD2925C98F00F206A9 /* AdioApp.swift */ = {isa = PBXFileReference; lastKnownFileType = sourcecode.swift; path = AdioApp.swift; sourceTree = "<group>"; };
		286E78B12925C99000F206A9 /* Assets.xcassets */ = {isa = PBXFileReference; lastKnownFileType = folder.assetcatalog; path = Assets.xcassets; sourceTree = "<group>"; };
		286E78B32925C99000F206A9 /* Adio.entitlements */ = {isa = PBXFileReference; lastKnownFileType = text.plist.entitlements; path = Adio.entitlements; sourceTree = "<group>"; };
		286E78B52925C99000F206A9 /* Preview Assets.xcassets */ = {isa = PBXFileReference; lastKnownFileType = folder.assetcatalog; path = "Preview Assets.xcassets"; sourceTree = "<group>"; };
		28C1F6392929861C0077E907 /* RecentlyPlayedView.swift */ = {isa = PBXFileReference; lastKnownFileType = sourcecode.swift; path = RecentlyPlayedView.swift; sourceTree = "<group>"; };
		28C1F642292990D60077E907 /* AdioTests.xctest */ = {isa = PBXFileReference; explicitFileType = wrapper.cfbundle; includeInIndex = 0; path = AdioTests.xctest; sourceTree = BUILT_PRODUCTS_DIR; };
		28C1F644292990D60077E907 /* AdioTests.swift */ = {isa = PBXFileReference; lastKnownFileType = sourcecode.swift; path = AdioTests.swift; sourceTree = "<group>"; };
		28C1F64B292991050077E907 /* RecentlyPlayedViewModelTests.swift */ = {isa = PBXFileReference; lastKnownFileType = sourcecode.swift; path = RecentlyPlayedViewModelTests.swift; sourceTree = "<group>"; };
		28C1F64D29299E020077E907 /* Radio.swift */ = {isa = PBXFileReference; lastKnownFileType = sourcecode.swift; path = Radio.swift; sourceTree = "<group>"; };
		28C1F64F2929A0500077E907 /* Mount.swift */ = {isa = PBXFileReference; lastKnownFileType = sourcecode.swift; path = Mount.swift; sourceTree = "<group>"; };
		28C1F6512929A0760077E907 /* Station.swift */ = {isa = PBXFileReference; lastKnownFileType = sourcecode.swift; path = Station.swift; sourceTree = "<group>"; };
		28C1F6532929A0900077E907 /* PlayingNext.swift */ = {isa = PBXFileReference; lastKnownFileType = sourcecode.swift; path = PlayingNext.swift; sourceTree = "<group>"; };
		28C1F6552929A0A50077E907 /* Song.swift */ = {isa = PBXFileReference; lastKnownFileType = sourcecode.swift; path = Song.swift; sourceTree = "<group>"; };
		28C1F6572929A0BE0077E907 /* SongContainer.swift */ = {isa = PBXFileReference; lastKnownFileType = sourcecode.swift; path = SongContainer.swift; sourceTree = "<group>"; };
		28C1F6592929A54B0077E907 /* Live.swift */ = {isa = PBXFileReference; lastKnownFileType = sourcecode.swift; path = Live.swift; sourceTree = "<group>"; };
		28C1F65B2929A5590077E907 /* Listeners.swift */ = {isa = PBXFileReference; lastKnownFileType = sourcecode.swift; path = Listeners.swift; sourceTree = "<group>"; };
/* End PBXFileReference section */

/* Begin PBXFrameworksBuildPhase section */
		286E78A72925C98F00F206A9 /* Frameworks */ = {
			isa = PBXFrameworksBuildPhase;
			buildActionMask = 2147483647;
			files = (
				280F34F62943FFAF0013BD4C /* Starscream in Frameworks */,
			);
			runOnlyForDeploymentPostprocessing = 0;
		};
		28C1F63F292990D60077E907 /* Frameworks */ = {
			isa = PBXFrameworksBuildPhase;
			buildActionMask = 2147483647;
			files = (
			);
			runOnlyForDeploymentPostprocessing = 0;
		};
/* End PBXFrameworksBuildPhase section */

/* Begin PBXGroup section */
		2850313A2926EAEC000B8331 /* Views */ = {
			isa = PBXGroup;
			children = (
				285031452926FAFE000B8331 /* Elements */,
				2850313B2926EB73000B8331 /* NowPlayingView.swift */,
				28C1F6392929861C0077E907 /* RecentlyPlayedView.swift */,
			);
			path = Views;
			sourceTree = "<group>";
		};
		285031402926EEE1000B8331 /* Extensions */ = {
			isa = PBXGroup;
			children = (
				285031412926EEF0000B8331 /* Color+AppColors.swift */,
				285031432926F38F000B8331 /* Image+AverageColor.swift */,
				2811F2C1293195A700C44E97 /* Int+FormatFromSeconds.swift */,
			);
			path = Extensions;
			sourceTree = "<group>";
		};
		285031452926FAFE000B8331 /* Elements */ = {
			isa = PBXGroup;
			children = (
				285031462926FB24000B8331 /* GradientBackground.swift */,
				2811F2BD2931871800C44E97 /* SongDetails.swift */,
			);
			path = Elements;
			sourceTree = "<group>";
		};
		286E78A12925C98F00F206A9 = {
			isa = PBXGroup;
			children = (
				286E78AC2925C98F00F206A9 /* Adio */,
				28C1F643292990D60077E907 /* AdioTests */,
				286E78AB2925C98F00F206A9 /* Products */,
			);
			sourceTree = "<group>";
		};
		286E78AB2925C98F00F206A9 /* Products */ = {
			isa = PBXGroup;
			children = (
				286E78AA2925C98F00F206A9 /* Adio.app */,
				28C1F642292990D60077E907 /* AdioTests.xctest */,
			);
			name = Products;
			sourceTree = "<group>";
		};
		286E78AC2925C98F00F206A9 /* Adio */ = {
			isa = PBXGroup;
			children = (
				28F0C80E29283B0B0045489C /* Models */,
				285031402926EEE1000B8331 /* Extensions */,
				2850313A2926EAEC000B8331 /* Views */,
				286E78AD2925C98F00F206A9 /* AdioApp.swift */,
				286E78B12925C99000F206A9 /* Assets.xcassets */,
				286E78B32925C99000F206A9 /* Adio.entitlements */,
				286E78B42925C99000F206A9 /* Preview Content */,
				280F34F22943FF2D0013BD4C /* SocketClient.swift */,
			);
			path = Adio;
			sourceTree = "<group>";
		};
		286E78B42925C99000F206A9 /* Preview Content */ = {
			isa = PBXGroup;
			children = (
				286E78B52925C99000F206A9 /* Preview Assets.xcassets */,
			);
			path = "Preview Content";
			sourceTree = "<group>";
		};
		28C1F643292990D60077E907 /* AdioTests */ = {
			isa = PBXGroup;
			children = (
				28C1F644292990D60077E907 /* AdioTests.swift */,
				28C1F64B292991050077E907 /* RecentlyPlayedViewModelTests.swift */,
			);
			path = AdioTests;
			sourceTree = "<group>";
		};
		28F0C80E29283B0B0045489C /* Models */ = {
			isa = PBXGroup;
			children = (
				28C1F64D29299E020077E907 /* Radio.swift */,
				28C1F64F2929A0500077E907 /* Mount.swift */,
				28C1F6512929A0760077E907 /* Station.swift */,
				28C1F6532929A0900077E907 /* PlayingNext.swift */,
				28C1F6552929A0A50077E907 /* Song.swift */,
				28C1F6572929A0BE0077E907 /* SongContainer.swift */,
				28C1F6592929A54B0077E907 /* Live.swift */,
				28C1F65B2929A5590077E907 /* Listeners.swift */,
			);
			path = Models;
			sourceTree = "<group>";
		};
/* End PBXGroup section */

/* Begin PBXNativeTarget section */
		286E78A92925C98F00F206A9 /* Adio */ = {
			isa = PBXNativeTarget;
			buildConfigurationList = 286E78B92925C99000F206A9 /* Build configuration list for PBXNativeTarget "Adio" */;
			buildPhases = (
				286E78A62925C98F00F206A9 /* Sources */,
				286E78A72925C98F00F206A9 /* Frameworks */,
				286E78A82925C98F00F206A9 /* Resources */,
			);
			buildRules = (
			);
			dependencies = (
			);
			name = Adio;
			packageProductDependencies = (
				280F34F52943FFAF0013BD4C /* Starscream */,
			);
			productName = Adio;
			productReference = 286E78AA2925C98F00F206A9 /* Adio.app */;
			productType = "com.apple.product-type.application";
		};
		28C1F641292990D60077E907 /* AdioTests */ = {
			isa = PBXNativeTarget;
			buildConfigurationList = 28C1F648292990D60077E907 /* Build configuration list for PBXNativeTarget "AdioTests" */;
			buildPhases = (
				28C1F63E292990D60077E907 /* Sources */,
				28C1F63F292990D60077E907 /* Frameworks */,
				28C1F640292990D60077E907 /* Resources */,
			);
			buildRules = (
			);
			dependencies = (
				28C1F647292990D60077E907 /* PBXTargetDependency */,
			);
			name = AdioTests;
			productName = AdioTests;
			productReference = 28C1F642292990D60077E907 /* AdioTests.xctest */;
			productType = "com.apple.product-type.bundle.unit-test";
		};
/* End PBXNativeTarget section */

/* Begin PBXProject section */
		286E78A22925C98F00F206A9 /* Project object */ = {
			isa = PBXProject;
			attributes = {
				BuildIndependentTargetsInParallel = 1;
				LastSwiftUpdateCheck = 1410;
				LastUpgradeCheck = 1410;
				TargetAttributes = {
					286E78A92925C98F00F206A9 = {
						CreatedOnToolsVersion = 14.1;
					};
					28C1F641292990D60077E907 = {
						CreatedOnToolsVersion = 14.1;
						TestTargetID = 286E78A92925C98F00F206A9;
					};
				};
			};
			buildConfigurationList = 286E78A52925C98F00F206A9 /* Build configuration list for PBXProject "Adio" */;
			compatibilityVersion = "Xcode 14.0";
			developmentRegion = en;
			hasScannedForEncodings = 0;
			knownRegions = (
				en,
				Base,
			);
			mainGroup = 286E78A12925C98F00F206A9;
			packageReferences = (
				280F34F42943FFAF0013BD4C /* XCRemoteSwiftPackageReference "Starscream" */,
			);
			productRefGroup = 286E78AB2925C98F00F206A9 /* Products */;
			projectDirPath = "";
			projectRoot = "";
			targets = (
				286E78A92925C98F00F206A9 /* Adio */,
				28C1F641292990D60077E907 /* AdioTests */,
			);
		};
/* End PBXProject section */

/* Begin PBXResourcesBuildPhase section */
		286E78A82925C98F00F206A9 /* Resources */ = {
			isa = PBXResourcesBuildPhase;
			buildActionMask = 2147483647;
			files = (
				286E78B62925C99000F206A9 /* Preview Assets.xcassets in Resources */,
				286E78B22925C99000F206A9 /* Assets.xcassets in Resources */,
			);
			runOnlyForDeploymentPostprocessing = 0;
		};
		28C1F640292990D60077E907 /* Resources */ = {
			isa = PBXResourcesBuildPhase;
			buildActionMask = 2147483647;
			files = (
			);
			runOnlyForDeploymentPostprocessing = 0;
		};
/* End PBXResourcesBuildPhase section */

/* Begin PBXSourcesBuildPhase section */
		286E78A62925C98F00F206A9 /* Sources */ = {
			isa = PBXSourcesBuildPhase;
			buildActionMask = 2147483647;
			files = (
				28C1F6562929A0A50077E907 /* Song.swift in Sources */,
				28C1F64E29299E020077E907 /* Radio.swift in Sources */,
				28C1F6502929A0500077E907 /* Mount.swift in Sources */,
				28C1F63A2929861C0077E907 /* RecentlyPlayedView.swift in Sources */,
				28C1F65C2929A5590077E907 /* Listeners.swift in Sources */,
				2850313C2926EB73000B8331 /* NowPlayingView.swift in Sources */,
				285031442926F38F000B8331 /* Image+AverageColor.swift in Sources */,
				28C1F6522929A0760077E907 /* Station.swift in Sources */,
				2811F2BE2931871800C44E97 /* SongDetails.swift in Sources */,
				28C1F6582929A0BE0077E907 /* SongContainer.swift in Sources */,
				28C1F65A2929A54B0077E907 /* Live.swift in Sources */,
				2811F2C2293195A700C44E97 /* Int+FormatFromSeconds.swift in Sources */,
				285031422926EEF0000B8331 /* Color+AppColors.swift in Sources */,
				28C1F6542929A0900077E907 /* PlayingNext.swift in Sources */,
				280F34F32943FF2D0013BD4C /* SocketClient.swift in Sources */,
				286E78AE2925C98F00F206A9 /* AdioApp.swift in Sources */,
				285031472926FB24000B8331 /* GradientBackground.swift in Sources */,
			);
			runOnlyForDeploymentPostprocessing = 0;
		};
		28C1F63E292990D60077E907 /* Sources */ = {
			isa = PBXSourcesBuildPhase;
			buildActionMask = 2147483647;
			files = (
				28C1F645292990D60077E907 /* AdioTests.swift in Sources */,
				28C1F64C292991050077E907 /* RecentlyPlayedViewModelTests.swift in Sources */,
			);
			runOnlyForDeploymentPostprocessing = 0;
		};
/* End PBXSourcesBuildPhase section */

/* Begin PBXTargetDependency section */
		28C1F647292990D60077E907 /* PBXTargetDependency */ = {
			isa = PBXTargetDependency;
			target = 286E78A92925C98F00F206A9 /* Adio */;
			targetProxy = 28C1F646292990D60077E907 /* PBXContainerItemProxy */;
		};
/* End PBXTargetDependency section */

/* Begin XCBuildConfiguration section */
		286E78B72925C99000F206A9 /* Debug */ = {
			isa = XCBuildConfiguration;
			buildSettings = {
				ALWAYS_SEARCH_USER_PATHS = NO;
				CLANG_ANALYZER_NONNULL = YES;
				CLANG_ANALYZER_NUMBER_OBJECT_CONVERSION = YES_AGGRESSIVE;
				CLANG_CXX_LANGUAGE_STANDARD = "gnu++20";
				CLANG_ENABLE_MODULES = YES;
				CLANG_ENABLE_OBJC_ARC = YES;
				CLANG_ENABLE_OBJC_WEAK = YES;
				CLANG_WARN_BLOCK_CAPTURE_AUTORELEASING = YES;
				CLANG_WARN_BOOL_CONVERSION = YES;
				CLANG_WARN_COMMA = YES;
				CLANG_WARN_CONSTANT_CONVERSION = YES;
				CLANG_WARN_DEPRECATED_OBJC_IMPLEMENTATIONS = YES;
				CLANG_WARN_DIRECT_OBJC_ISA_USAGE = YES_ERROR;
				CLANG_WARN_DOCUMENTATION_COMMENTS = YES;
				CLANG_WARN_EMPTY_BODY = YES;
				CLANG_WARN_ENUM_CONVERSION = YES;
				CLANG_WARN_INFINITE_RECURSION = YES;
				CLANG_WARN_INT_CONVERSION = YES;
				CLANG_WARN_NON_LITERAL_NULL_CONVERSION = YES;
				CLANG_WARN_OBJC_IMPLICIT_RETAIN_SELF = YES;
				CLANG_WARN_OBJC_LITERAL_CONVERSION = YES;
				CLANG_WARN_OBJC_ROOT_CLASS = YES_ERROR;
				CLANG_WARN_QUOTED_INCLUDE_IN_FRAMEWORK_HEADER = YES;
				CLANG_WARN_RANGE_LOOP_ANALYSIS = YES;
				CLANG_WARN_STRICT_PROTOTYPES = YES;
				CLANG_WARN_SUSPICIOUS_MOVE = YES;
				CLANG_WARN_UNGUARDED_AVAILABILITY = YES_AGGRESSIVE;
				CLANG_WARN_UNREACHABLE_CODE = YES;
				CLANG_WARN__DUPLICATE_METHOD_MATCH = YES;
				COPY_PHASE_STRIP = NO;
				DEBUG_INFORMATION_FORMAT = dwarf;
				ENABLE_STRICT_OBJC_MSGSEND = YES;
				ENABLE_TESTABILITY = YES;
				GCC_C_LANGUAGE_STANDARD = gnu11;
				GCC_DYNAMIC_NO_PIC = NO;
				GCC_NO_COMMON_BLOCKS = YES;
				GCC_OPTIMIZATION_LEVEL = 0;
				GCC_PREPROCESSOR_DEFINITIONS = (
					"DEBUG=1",
					"$(inherited)",
				);
				GCC_WARN_64_TO_32_BIT_CONVERSION = YES;
				GCC_WARN_ABOUT_RETURN_TYPE = YES_ERROR;
				GCC_WARN_UNDECLARED_SELECTOR = YES;
				GCC_WARN_UNINITIALIZED_AUTOS = YES_AGGRESSIVE;
				GCC_WARN_UNUSED_FUNCTION = YES;
				GCC_WARN_UNUSED_VARIABLE = YES;
				MTL_ENABLE_DEBUG_INFO = INCLUDE_SOURCE;
				MTL_FAST_MATH = YES;
				ONLY_ACTIVE_ARCH = YES;
				SWIFT_ACTIVE_COMPILATION_CONDITIONS = DEBUG;
				SWIFT_OPTIMIZATION_LEVEL = "-Onone";
			};
			name = Debug;
		};
		286E78B82925C99000F206A9 /* Release */ = {
			isa = XCBuildConfiguration;
			buildSettings = {
				ALWAYS_SEARCH_USER_PATHS = NO;
				CLANG_ANALYZER_NONNULL = YES;
				CLANG_ANALYZER_NUMBER_OBJECT_CONVERSION = YES_AGGRESSIVE;
				CLANG_CXX_LANGUAGE_STANDARD = "gnu++20";
				CLANG_ENABLE_MODULES = YES;
				CLANG_ENABLE_OBJC_ARC = YES;
				CLANG_ENABLE_OBJC_WEAK = YES;
				CLANG_WARN_BLOCK_CAPTURE_AUTORELEASING = YES;
				CLANG_WARN_BOOL_CONVERSION = YES;
				CLANG_WARN_COMMA = YES;
				CLANG_WARN_CONSTANT_CONVERSION = YES;
				CLANG_WARN_DEPRECATED_OBJC_IMPLEMENTATIONS = YES;
				CLANG_WARN_DIRECT_OBJC_ISA_USAGE = YES_ERROR;
				CLANG_WARN_DOCUMENTATION_COMMENTS = YES;
				CLANG_WARN_EMPTY_BODY = YES;
				CLANG_WARN_ENUM_CONVERSION = YES;
				CLANG_WARN_INFINITE_RECURSION = YES;
				CLANG_WARN_INT_CONVERSION = YES;
				CLANG_WARN_NON_LITERAL_NULL_CONVERSION = YES;
				CLANG_WARN_OBJC_IMPLICIT_RETAIN_SELF = YES;
				CLANG_WARN_OBJC_LITERAL_CONVERSION = YES;
				CLANG_WARN_OBJC_ROOT_CLASS = YES_ERROR;
				CLANG_WARN_QUOTED_INCLUDE_IN_FRAMEWORK_HEADER = YES;
				CLANG_WARN_RANGE_LOOP_ANALYSIS = YES;
				CLANG_WARN_STRICT_PROTOTYPES = YES;
				CLANG_WARN_SUSPICIOUS_MOVE = YES;
				CLANG_WARN_UNGUARDED_AVAILABILITY = YES_AGGRESSIVE;
				CLANG_WARN_UNREACHABLE_CODE = YES;
				CLANG_WARN__DUPLICATE_METHOD_MATCH = YES;
				COPY_PHASE_STRIP = NO;
				DEBUG_INFORMATION_FORMAT = "dwarf-with-dsym";
				ENABLE_NS_ASSERTIONS = NO;
				ENABLE_STRICT_OBJC_MSGSEND = YES;
				GCC_C_LANGUAGE_STANDARD = gnu11;
				GCC_NO_COMMON_BLOCKS = YES;
				GCC_WARN_64_TO_32_BIT_CONVERSION = YES;
				GCC_WARN_ABOUT_RETURN_TYPE = YES_ERROR;
				GCC_WARN_UNDECLARED_SELECTOR = YES;
				GCC_WARN_UNINITIALIZED_AUTOS = YES_AGGRESSIVE;
				GCC_WARN_UNUSED_FUNCTION = YES;
				GCC_WARN_UNUSED_VARIABLE = YES;
				MTL_ENABLE_DEBUG_INFO = NO;
				MTL_FAST_MATH = YES;
				SWIFT_COMPILATION_MODE = wholemodule;
				SWIFT_OPTIMIZATION_LEVEL = "-O";
			};
			name = Release;
		};
		286E78BA2925C99000F206A9 /* Debug */ = {
			isa = XCBuildConfiguration;
			buildSettings = {
				ASSETCATALOG_COMPILER_APPICON_NAME = AppIcon;
				ASSETCATALOG_COMPILER_GLOBAL_ACCENT_COLOR_NAME = AccentColor;
				CODE_SIGN_ENTITLEMENTS = Adio/Adio.entitlements;
				CODE_SIGN_STYLE = Automatic;
				CURRENT_PROJECT_VERSION = 1;
				DEVELOPMENT_ASSET_PATHS = "\"Adio/Preview Content\"";
				DEVELOPMENT_TEAM = WU9C337B2P;
				ENABLE_HARDENED_RUNTIME = YES;
				ENABLE_PREVIEWS = YES;
				GENERATE_INFOPLIST_FILE = YES;
				"INFOPLIST_KEY_UIApplicationSceneManifest_Generation[sdk=iphoneos*]" = YES;
				"INFOPLIST_KEY_UIApplicationSceneManifest_Generation[sdk=iphonesimulator*]" = YES;
				"INFOPLIST_KEY_UIApplicationSupportsIndirectInputEvents[sdk=iphoneos*]" = YES;
				"INFOPLIST_KEY_UIApplicationSupportsIndirectInputEvents[sdk=iphonesimulator*]" = YES;
				"INFOPLIST_KEY_UILaunchScreen_Generation[sdk=iphoneos*]" = YES;
				"INFOPLIST_KEY_UILaunchScreen_Generation[sdk=iphonesimulator*]" = YES;
				"INFOPLIST_KEY_UIStatusBarStyle[sdk=iphoneos*]" = UIStatusBarStyleDefault;
				"INFOPLIST_KEY_UIStatusBarStyle[sdk=iphonesimulator*]" = UIStatusBarStyleDefault;
				INFOPLIST_KEY_UISupportedInterfaceOrientations_iPad = "UIInterfaceOrientationPortrait UIInterfaceOrientationPortraitUpsideDown UIInterfaceOrientationLandscapeLeft UIInterfaceOrientationLandscapeRight";
				INFOPLIST_KEY_UISupportedInterfaceOrientations_iPhone = "UIInterfaceOrientationPortrait UIInterfaceOrientationLandscapeLeft UIInterfaceOrientationLandscapeRight";
				IPHONEOS_DEPLOYMENT_TARGET = 16.1;
				LD_RUNPATH_SEARCH_PATHS = "@executable_path/Frameworks";
				"LD_RUNPATH_SEARCH_PATHS[sdk=macosx*]" = "@executable_path/../Frameworks";
				MACOSX_DEPLOYMENT_TARGET = 13.0;
				MARKETING_VERSION = 1.0;
				PRODUCT_BUNDLE_IDENTIFIER = com.lorenalexm.Adio;
				PRODUCT_NAME = "$(TARGET_NAME)";
				SDKROOT = auto;
				SUPPORTED_PLATFORMS = "iphoneos iphonesimulator macosx";
				SWIFT_EMIT_LOC_STRINGS = YES;
				SWIFT_VERSION = 5.0;
				TARGETED_DEVICE_FAMILY = "1,2";
			};
			name = Debug;
		};
		286E78BB2925C99000F206A9 /* Release */ = {
			isa = XCBuildConfiguration;
			buildSettings = {
				ASSETCATALOG_COMPILER_APPICON_NAME = AppIcon;
				ASSETCATALOG_COMPILER_GLOBAL_ACCENT_COLOR_NAME = AccentColor;
				CODE_SIGN_ENTITLEMENTS = Adio/Adio.entitlements;
				CODE_SIGN_STYLE = Automatic;
				CURRENT_PROJECT_VERSION = 1;
				DEVELOPMENT_ASSET_PATHS = "\"Adio/Preview Content\"";
				DEVELOPMENT_TEAM = WU9C337B2P;
				ENABLE_HARDENED_RUNTIME = YES;
				ENABLE_PREVIEWS = YES;
				GENERATE_INFOPLIST_FILE = YES;
				"INFOPLIST_KEY_UIApplicationSceneManifest_Generation[sdk=iphoneos*]" = YES;
				"INFOPLIST_KEY_UIApplicationSceneManifest_Generation[sdk=iphonesimulator*]" = YES;
				"INFOPLIST_KEY_UIApplicationSupportsIndirectInputEvents[sdk=iphoneos*]" = YES;
				"INFOPLIST_KEY_UIApplicationSupportsIndirectInputEvents[sdk=iphonesimulator*]" = YES;
				"INFOPLIST_KEY_UILaunchScreen_Generation[sdk=iphoneos*]" = YES;
				"INFOPLIST_KEY_UILaunchScreen_Generation[sdk=iphonesimulator*]" = YES;
				"INFOPLIST_KEY_UIStatusBarStyle[sdk=iphoneos*]" = UIStatusBarStyleDefault;
				"INFOPLIST_KEY_UIStatusBarStyle[sdk=iphonesimulator*]" = UIStatusBarStyleDefault;
				INFOPLIST_KEY_UISupportedInterfaceOrientations_iPad = "UIInterfaceOrientationPortrait UIInterfaceOrientationPortraitUpsideDown UIInterfaceOrientationLandscapeLeft UIInterfaceOrientationLandscapeRight";
				INFOPLIST_KEY_UISupportedInterfaceOrientations_iPhone = "UIInterfaceOrientationPortrait UIInterfaceOrientationLandscapeLeft UIInterfaceOrientationLandscapeRight";
				IPHONEOS_DEPLOYMENT_TARGET = 16.1;
				LD_RUNPATH_SEARCH_PATHS = "@executable_path/Frameworks";
				"LD_RUNPATH_SEARCH_PATHS[sdk=macosx*]" = "@executable_path/../Frameworks";
				MACOSX_DEPLOYMENT_TARGET = 13.0;
				MARKETING_VERSION = 1.0;
				PRODUCT_BUNDLE_IDENTIFIER = com.lorenalexm.Adio;
				PRODUCT_NAME = "$(TARGET_NAME)";
				SDKROOT = auto;
				SUPPORTED_PLATFORMS = "iphoneos iphonesimulator macosx";
				SWIFT_EMIT_LOC_STRINGS = YES;
				SWIFT_VERSION = 5.0;
				TARGETED_DEVICE_FAMILY = "1,2";
			};
			name = Release;
		};
		28C1F649292990D60077E907 /* Debug */ = {
			isa = XCBuildConfiguration;
			buildSettings = {
				BUNDLE_LOADER = "$(TEST_HOST)";
				CODE_SIGN_STYLE = Automatic;
				CURRENT_PROJECT_VERSION = 1;
				DEVELOPMENT_TEAM = WU9C337B2P;
				GENERATE_INFOPLIST_FILE = YES;
				IPHONEOS_DEPLOYMENT_TARGET = 16.1;
				MACOSX_DEPLOYMENT_TARGET = 13.0;
				MARKETING_VERSION = 1.0;
				PRODUCT_BUNDLE_IDENTIFIER = com.lorenalexm.AdioTests;
				PRODUCT_NAME = "$(TARGET_NAME)";
				SDKROOT = auto;
				SUPPORTED_PLATFORMS = "iphoneos iphonesimulator macosx";
				SWIFT_EMIT_LOC_STRINGS = NO;
				SWIFT_VERSION = 5.0;
				TARGETED_DEVICE_FAMILY = "1,2";
				TEST_HOST = "$(BUILT_PRODUCTS_DIR)/Adio.app/$(BUNDLE_EXECUTABLE_FOLDER_PATH)/Adio";
			};
			name = Debug;
		};
		28C1F64A292990D60077E907 /* Release */ = {
			isa = XCBuildConfiguration;
			buildSettings = {
				BUNDLE_LOADER = "$(TEST_HOST)";
				CODE_SIGN_STYLE = Automatic;
				CURRENT_PROJECT_VERSION = 1;
				DEVELOPMENT_TEAM = WU9C337B2P;
				GENERATE_INFOPLIST_FILE = YES;
				IPHONEOS_DEPLOYMENT_TARGET = 16.1;
				MACOSX_DEPLOYMENT_TARGET = 13.0;
				MARKETING_VERSION = 1.0;
				PRODUCT_BUNDLE_IDENTIFIER = com.lorenalexm.AdioTests;
				PRODUCT_NAME = "$(TARGET_NAME)";
				SDKROOT = auto;
				SUPPORTED_PLATFORMS = "iphoneos iphonesimulator macosx";
				SWIFT_EMIT_LOC_STRINGS = NO;
				SWIFT_VERSION = 5.0;
				TARGETED_DEVICE_FAMILY = "1,2";
				TEST_HOST = "$(BUILT_PRODUCTS_DIR)/Adio.app/$(BUNDLE_EXECUTABLE_FOLDER_PATH)/Adio";
			};
			name = Release;
		};
/* End XCBuildConfiguration section */

/* Begin XCConfigurationList section */
		286E78A52925C98F00F206A9 /* Build configuration list for PBXProject "Adio" */ = {
			isa = XCConfigurationList;
			buildConfigurations = (
				286E78B72925C99000F206A9 /* Debug */,
				286E78B82925C99000F206A9 /* Release */,
			);
			defaultConfigurationIsVisible = 0;
			defaultConfigurationName = Release;
		};
		286E78B92925C99000F206A9 /* Build configuration list for PBXNativeTarget "Adio" */ = {
			isa = XCConfigurationList;
			buildConfigurations = (
				286E78BA2925C99000F206A9 /* Debug */,
				286E78BB2925C99000F206A9 /* Release */,
			);
			defaultConfigurationIsVisible = 0;
			defaultConfigurationName = Release;
		};
		28C1F648292990D60077E907 /* Build configuration list for PBXNativeTarget "AdioTests" */ = {
			isa = XCConfigurationList;
			buildConfigurations = (
				28C1F649292990D60077E907 /* Debug */,
				28C1F64A292990D60077E907 /* Release */,
			);
			defaultConfigurationIsVisible = 0;
			defaultConfigurationName = Release;
		};
/* End XCConfigurationList section */

/* Begin XCRemoteSwiftPackageReference section */
		280F34F42943FFAF0013BD4C /* XCRemoteSwiftPackageReference "Starscream" */ = {
			isa = XCRemoteSwiftPackageReference;
			repositoryURL = "https://github.com/daltoniam/Starscream";
			requirement = {
				kind = upToNextMajorVersion;
				minimumVersion = 4.0.0;
			};
		};
/* End XCRemoteSwiftPackageReference section */

/* Begin XCSwiftPackageProductDependency section */
		280F34F52943FFAF0013BD4C /* Starscream */ = {
			isa = XCSwiftPackageProductDependency;
			package = 280F34F42943FFAF0013BD4C /* XCRemoteSwiftPackageReference "Starscream" */;
			productName = Starscream;
		};
/* End XCSwiftPackageProductDependency section */
	};
	rootObject = 286E78A22925C98F00F206A9 /* Project object */;
}
